// !$*UTF8*$!
{
	archiveVersion = 1;
	classes = {
	};
	objectVersion = 46;
	objects = {

/* Begin PBXBuildFile section */
		E40DB9A21A854D9C00004E0E /* libBigInteger-iOS.a in Frameworks */ = {isa = PBXBuildFile; fileRef = E40DB9A11A854D9C00004E0E /* libBigInteger-iOS.a */; };
		E40DB9A81A8553A200004E0E /* UIFont+Additions.m in Sources */ = {isa = PBXBuildFile; fileRef = E40DB9A71A8553A200004E0E /* UIFont+Additions.m */; };
		E40DB9AC1A8553CC00004E0E /* UIColor+Additions.m in Sources */ = {isa = PBXBuildFile; fileRef = E40DB9AB1A8553CC00004E0E /* UIColor+Additions.m */; };
		E40DB9AF1A8558BC00004E0E /* AAAppearanceSetup.m in Sources */ = {isa = PBXBuildFile; fileRef = E40DB9AE1A8558BC00004E0E /* AAAppearanceSetup.m */; };
		E40DB9B11A855AE100004E0E /* BebasNeue.otf in Resources */ = {isa = PBXBuildFile; fileRef = E40DB9B01A855AE100004E0E /* BebasNeue.otf */; };
		E40DB9B71A85770D00004E0E /* AANumberTableViewCell.m in Sources */ = {isa = PBXBuildFile; fileRef = E40DB9B51A85770D00004E0E /* AANumberTableViewCell.m */; };
		E40DB9B81A85770D00004E0E /* AANumberTableViewCell.xib in Resources */ = {isa = PBXBuildFile; fileRef = E40DB9B61A85770D00004E0E /* AANumberTableViewCell.xib */; };
		E40DB9BB1A857B5800004E0E /* AAFibonacciGenerator.m in Sources */ = {isa = PBXBuildFile; fileRef = E40DB9BA1A857B5800004E0E /* AAFibonacciGenerator.m */; };
		E40DB9BE1A86A44500004E0E /* AANumberItem.m in Sources */ = {isa = PBXBuildFile; fileRef = E40DB9BD1A86A44500004E0E /* AANumberItem.m */; };
		E40DB9C01A86BFE700004E0E /* FreightSansCmpPro-Light.otf in Resources */ = {isa = PBXBuildFile; fileRef = E40DB9BF1A86BFE700004E0E /* FreightSansCmpPro-Light.otf */; };
		E40DB9C21A86C90D00004E0E /* CooperHewitt-Book.otf in Resources */ = {isa = PBXBuildFile; fileRef = E40DB9C11A86C90D00004E0E /* CooperHewitt-Book.otf */; };
		E462861B1A8C123B0066599E /* Fibonacci-project-base.xcconfig in Resources */ = {isa = PBXBuildFile; fileRef = E462861A1A8C123B0066599E /* Fibonacci-project-base.xcconfig */; };
		E489D7391A780EC000DA0DE2 /* AATableViewController.m in Sources */ = {isa = PBXBuildFile; fileRef = E489D7381A780EC000DA0DE2 /* AATableViewController.m */; };
		E4A1A4831A77F6A00081AF77 /* main.m in Sources */ = {isa = PBXBuildFile; fileRef = E4A1A4821A77F6A00081AF77 /* main.m */; };
		E4A1A4861A77F6A00081AF77 /* AAAppDelegate.m in Sources */ = {isa = PBXBuildFile; fileRef = E4A1A4851A77F6A00081AF77 /* AAAppDelegate.m */; };
		E4A1A48C1A77F6A00081AF77 /* Main.storyboard in Resources */ = {isa = PBXBuildFile; fileRef = E4A1A48A1A77F6A00081AF77 /* Main.storyboard */; };
		E4A1A48E1A77F6A10081AF77 /* Images.xcassets in Resources */ = {isa = PBXBuildFile; fileRef = E4A1A48D1A77F6A10081AF77 /* Images.xcassets */; };
		E4A1A49D1A77F6A10081AF77 /* FibonacciTests.m in Sources */ = {isa = PBXBuildFile; fileRef = E4A1A49C1A77F6A10081AF77 /* FibonacciTests.m */; };
		E4ADA82A1A8BDCAB005B0614 /* AAUtils.m in Sources */ = {isa = PBXBuildFile; fileRef = E4ADA8291A8BDCAB005B0614 /* AAUtils.m */; };
		E4ADA82D1A8BFBFE005B0614 /* AABaseTableViewCell.m in Sources */ = {isa = PBXBuildFile; fileRef = E4ADA82C1A8BFBFE005B0614 /* AABaseTableViewCell.m */; };
/* End PBXBuildFile section */

/* Begin PBXContainerItemProxy section */
		E4A1A4971A77F6A10081AF77 /* PBXContainerItemProxy */ = {
			isa = PBXContainerItemProxy;
			containerPortal = E4A1A4751A77F6A00081AF77 /* Project object */;
			proxyType = 1;
			remoteGlobalIDString = E4A1A47C1A77F6A00081AF77;
			remoteInfo = Fibonacci;
		};
/* End PBXContainerItemProxy section */

/* Begin PBXFileReference section */
		E40DB9A01A854D9C00004E0E /* BigInteger.h */ = {isa = PBXFileReference; fileEncoding = 4; lastKnownFileType = sourcecode.c.h; name = BigInteger.h; path = External/BigInteger.h; sourceTree = "<group>"; };
		E40DB9A11A854D9C00004E0E /* libBigInteger-iOS.a */ = {isa = PBXFileReference; lastKnownFileType = archive.ar; name = "libBigInteger-iOS.a"; path = "External/libBigInteger-iOS.a"; sourceTree = "<group>"; };
		E40DB9A61A8553A200004E0E /* UIFont+Additions.h */ = {isa = PBXFileReference; fileEncoding = 4; lastKnownFileType = sourcecode.c.h; name = "UIFont+Additions.h"; path = "Classes/Categories/UIFont+Additions.h"; sourceTree = "<group>"; };
		E40DB9A71A8553A200004E0E /* UIFont+Additions.m */ = {isa = PBXFileReference; fileEncoding = 4; lastKnownFileType = sourcecode.c.objc; name = "UIFont+Additions.m"; path = "Classes/Categories/UIFont+Additions.m"; sourceTree = "<group>"; };
		E40DB9AA1A8553CC00004E0E /* UIColor+Additions.h */ = {isa = PBXFileReference; fileEncoding = 4; lastKnownFileType = sourcecode.c.h; name = "UIColor+Additions.h"; path = "Classes/Categories/UIColor+Additions.h"; sourceTree = "<group>"; };
		E40DB9AB1A8553CC00004E0E /* UIColor+Additions.m */ = {isa = PBXFileReference; fileEncoding = 4; lastKnownFileType = sourcecode.c.objc; name = "UIColor+Additions.m"; path = "Classes/Categories/UIColor+Additions.m"; sourceTree = "<group>"; };
		E40DB9AD1A8558BC00004E0E /* AAAppearanceSetup.h */ = {isa = PBXFileReference; fileEncoding = 4; lastKnownFileType = sourcecode.c.h; name = AAAppearanceSetup.h; path = Classes/Other/AAAppearanceSetup.h; sourceTree = "<group>"; };
		E40DB9AE1A8558BC00004E0E /* AAAppearanceSetup.m */ = {isa = PBXFileReference; fileEncoding = 4; lastKnownFileType = sourcecode.c.objc; name = AAAppearanceSetup.m; path = Classes/Other/AAAppearanceSetup.m; sourceTree = "<group>"; };
		E40DB9B01A855AE100004E0E /* BebasNeue.otf */ = {isa = PBXFileReference; lastKnownFileType = file; name = BebasNeue.otf; path = Fonts/BebasNeue.otf; sourceTree = "<group>"; };
		E40DB9B41A85770D00004E0E /* AANumberTableViewCell.h */ = {isa = PBXFileReference; fileEncoding = 4; lastKnownFileType = sourcecode.c.h; name = AANumberTableViewCell.h; path = Classes/Views/AANumberTableViewCell.h; sourceTree = "<group>"; };
		E40DB9B51A85770D00004E0E /* AANumberTableViewCell.m */ = {isa = PBXFileReference; fileEncoding = 4; lastKnownFileType = sourcecode.c.objc; name = AANumberTableViewCell.m; path = Classes/Views/AANumberTableViewCell.m; sourceTree = "<group>"; };
		E40DB9B61A85770D00004E0E /* AANumberTableViewCell.xib */ = {isa = PBXFileReference; fileEncoding = 4; lastKnownFileType = file.xib; name = AANumberTableViewCell.xib; path = Classes/Views/AANumberTableViewCell.xib; sourceTree = "<group>"; };
		E40DB9B91A857B5800004E0E /* AAFibonacciGenerator.h */ = {isa = PBXFileReference; fileEncoding = 4; lastKnownFileType = sourcecode.c.h; name = AAFibonacciGenerator.h; path = Classes/Other/AAFibonacciGenerator.h; sourceTree = "<group>"; };
		E40DB9BA1A857B5800004E0E /* AAFibonacciGenerator.m */ = {isa = PBXFileReference; fileEncoding = 4; lastKnownFileType = sourcecode.c.objc; name = AAFibonacciGenerator.m; path = Classes/Other/AAFibonacciGenerator.m; sourceTree = "<group>"; };
		E40DB9BC1A86A44500004E0E /* AANumberItem.h */ = {isa = PBXFileReference; fileEncoding = 4; lastKnownFileType = sourcecode.c.h; name = AANumberItem.h; path = Classes/Model/AANumberItem.h; sourceTree = "<group>"; };
		E40DB9BD1A86A44500004E0E /* AANumberItem.m */ = {isa = PBXFileReference; fileEncoding = 4; lastKnownFileType = sourcecode.c.objc; name = AANumberItem.m; path = Classes/Model/AANumberItem.m; sourceTree = "<group>"; };
		E40DB9BF1A86BFE700004E0E /* FreightSansCmpPro-Light.otf */ = {isa = PBXFileReference; lastKnownFileType = file; name = "FreightSansCmpPro-Light.otf"; path = "Fonts/FreightSansCmpPro-Light.otf"; sourceTree = "<group>"; };
		E40DB9C11A86C90D00004E0E /* CooperHewitt-Book.otf */ = {isa = PBXFileReference; lastKnownFileType = file; name = "CooperHewitt-Book.otf"; path = "Fonts/CooperHewitt-Book.otf"; sourceTree = "<group>"; };
		E462861A1A8C123B0066599E /* Fibonacci-project-base.xcconfig */ = {isa = PBXFileReference; fileEncoding = 4; lastKnownFileType = text.xcconfig; name = "Fibonacci-project-base.xcconfig"; path = "xcconfig/Fibonacci-project-base.xcconfig"; sourceTree = "<group>"; };
		E489D7371A780EC000DA0DE2 /* AATableViewController.h */ = {isa = PBXFileReference; fileEncoding = 4; lastKnownFileType = sourcecode.c.h; name = AATableViewController.h; path = Classes/AATableViewController.h; sourceTree = "<group>"; };
		E489D7381A780EC000DA0DE2 /* AATableViewController.m */ = {isa = PBXFileReference; fileEncoding = 4; lastKnownFileType = sourcecode.c.objc; name = AATableViewController.m; path = Classes/AATableViewController.m; sourceTree = "<group>"; };
		E4A1A47D1A77F6A00081AF77 /* Fibonacci.app */ = {isa = PBXFileReference; explicitFileType = wrapper.application; includeInIndex = 0; path = Fibonacci.app; sourceTree = BUILT_PRODUCTS_DIR; };
		E4A1A4811A77F6A00081AF77 /* Info.plist */ = {isa = PBXFileReference; lastKnownFileType = text.plist.xml; path = Info.plist; sourceTree = "<group>"; };
		E4A1A4821A77F6A00081AF77 /* main.m */ = {isa = PBXFileReference; lastKnownFileType = sourcecode.c.objc; path = main.m; sourceTree = "<group>"; };
		E4A1A4841A77F6A00081AF77 /* AAAppDelegate.h */ = {isa = PBXFileReference; lastKnownFileType = sourcecode.c.h; path = AAAppDelegate.h; sourceTree = "<group>"; };
		E4A1A4851A77F6A00081AF77 /* AAAppDelegate.m */ = {isa = PBXFileReference; lastKnownFileType = sourcecode.c.objc; path = AAAppDelegate.m; sourceTree = "<group>"; };
		E4A1A48B1A77F6A00081AF77 /* Base */ = {isa = PBXFileReference; lastKnownFileType = file.storyboard; name = Base; path = Base.lproj/Main.storyboard; sourceTree = "<group>"; };
		E4A1A48D1A77F6A10081AF77 /* Images.xcassets */ = {isa = PBXFileReference; lastKnownFileType = folder.assetcatalog; path = Images.xcassets; sourceTree = "<group>"; };
		E4A1A4961A77F6A10081AF77 /* FibonacciTests.xctest */ = {isa = PBXFileReference; explicitFileType = wrapper.cfbundle; includeInIndex = 0; path = FibonacciTests.xctest; sourceTree = BUILT_PRODUCTS_DIR; };
		E4A1A49B1A77F6A10081AF77 /* Info.plist */ = {isa = PBXFileReference; lastKnownFileType = text.plist.xml; path = Info.plist; sourceTree = "<group>"; };
		E4A1A49C1A77F6A10081AF77 /* FibonacciTests.m */ = {isa = PBXFileReference; lastKnownFileType = sourcecode.c.objc; path = FibonacciTests.m; sourceTree = "<group>"; };
		E4ADA8281A8BDCAB005B0614 /* AAUtils.h */ = {isa = PBXFileReference; fileEncoding = 4; lastKnownFileType = sourcecode.c.h; name = AAUtils.h; path = Classes/Other/AAUtils.h; sourceTree = "<group>"; };
		E4ADA8291A8BDCAB005B0614 /* AAUtils.m */ = {isa = PBXFileReference; fileEncoding = 4; lastKnownFileType = sourcecode.c.objc; name = AAUtils.m; path = Classes/Other/AAUtils.m; sourceTree = "<group>"; };
		E4ADA82B1A8BFBFE005B0614 /* AABaseTableViewCell.h */ = {isa = PBXFileReference; fileEncoding = 4; lastKnownFileType = sourcecode.c.h; name = AABaseTableViewCell.h; path = Classes/Views/AABaseTableViewCell.h; sourceTree = "<group>"; };
		E4ADA82C1A8BFBFE005B0614 /* AABaseTableViewCell.m */ = {isa = PBXFileReference; fileEncoding = 4; lastKnownFileType = sourcecode.c.objc; name = AABaseTableViewCell.m; path = Classes/Views/AABaseTableViewCell.m; sourceTree = "<group>"; };
/* End PBXFileReference section */

/* Begin PBXFrameworksBuildPhase section */
		E4A1A47A1A77F6A00081AF77 /* Frameworks */ = {
			isa = PBXFrameworksBuildPhase;
			buildActionMask = 2147483647;
			files = (
				E40DB9A21A854D9C00004E0E /* libBigInteger-iOS.a in Frameworks */,
			);
			runOnlyForDeploymentPostprocessing = 0;
		};
		E4A1A4931A77F6A10081AF77 /* Frameworks */ = {
			isa = PBXFrameworksBuildPhase;
			buildActionMask = 2147483647;
			files = (
			);
			runOnlyForDeploymentPostprocessing = 0;
		};
/* End PBXFrameworksBuildPhase section */

/* Begin PBXGroup section */
		E40DB9A31A854E5E00004E0E /* Frameworks */ = {
			isa = PBXGroup;
			children = (
				E40DB9A01A854D9C00004E0E /* BigInteger.h */,
				E40DB9A11A854D9C00004E0E /* libBigInteger-iOS.a */,
			);
			name = Frameworks;
			sourceTree = "<group>";
		};
		E40DB9A41A8552F900004E0E /* Views */ = {
			isa = PBXGroup;
			children = (
				E46286181A8C06FC0066599E /* Base */,
				E40DB9B41A85770D00004E0E /* AANumberTableViewCell.h */,
				E40DB9B51A85770D00004E0E /* AANumberTableViewCell.m */,
				E40DB9B61A85770D00004E0E /* AANumberTableViewCell.xib */,
				E489D7371A780EC000DA0DE2 /* AATableViewController.h */,
				E489D7381A780EC000DA0DE2 /* AATableViewController.m */,
				E4A1A48A1A77F6A00081AF77 /* Main.storyboard */,
			);
			name = Views;
			sourceTree = "<group>";
		};
		E40DB9A51A85530200004E0E /* Other */ = {
			isa = PBXGroup;
			children = (
				E4A1A4841A77F6A00081AF77 /* AAAppDelegate.h */,
				E4A1A4851A77F6A00081AF77 /* AAAppDelegate.m */,
				E40DB9AD1A8558BC00004E0E /* AAAppearanceSetup.h */,
				E40DB9AE1A8558BC00004E0E /* AAAppearanceSetup.m */,
				E40DB9B91A857B5800004E0E /* AAFibonacciGenerator.h */,
				E40DB9BA1A857B5800004E0E /* AAFibonacciGenerator.m */,
				E4ADA8281A8BDCAB005B0614 /* AAUtils.h */,
				E4ADA8291A8BDCAB005B0614 /* AAUtils.m */,
			);
			name = Other;
			sourceTree = "<group>";
		};
		E40DB9A91A8553B500004E0E /* Categories */ = {
			isa = PBXGroup;
			children = (
				E40DB9AA1A8553CC00004E0E /* UIColor+Additions.h */,
				E40DB9AB1A8553CC00004E0E /* UIColor+Additions.m */,
				E40DB9A61A8553A200004E0E /* UIFont+Additions.h */,
				E40DB9A71A8553A200004E0E /* UIFont+Additions.m */,
			);
			name = Categories;
			sourceTree = "<group>";
		};
		E40DB9B21A855AE800004E0E /* Assets */ = {
			isa = PBXGroup;
			children = (
				E40DB9B31A855AF400004E0E /* Fonts */,
			);
			name = Assets;
			sourceTree = "<group>";
		};
		E40DB9B31A855AF400004E0E /* Fonts */ = {
			isa = PBXGroup;
			children = (
				E40DB9B01A855AE100004E0E /* BebasNeue.otf */,
				E40DB9C11A86C90D00004E0E /* CooperHewitt-Book.otf */,
				E40DB9BF1A86BFE700004E0E /* FreightSansCmpPro-Light.otf */,
			);
			name = Fonts;
			sourceTree = "<group>";
		};
		E46286181A8C06FC0066599E /* Base */ = {
			isa = PBXGroup;
			children = (
				E4ADA82B1A8BFBFE005B0614 /* AABaseTableViewCell.h */,
				E4ADA82C1A8BFBFE005B0614 /* AABaseTableViewCell.m */,
			);
			name = Base;
			sourceTree = "<group>";
		};
		E46286191A8C07330066599E /* Model */ = {
			isa = PBXGroup;
			children = (
				E40DB9BC1A86A44500004E0E /* AANumberItem.h */,
				E40DB9BD1A86A44500004E0E /* AANumberItem.m */,
			);
			name = Model;
			sourceTree = "<group>";
		};
		E462861C1A8C133E0066599E /* xcconfig */ = {
			isa = PBXGroup;
			children = (
				E462861A1A8C123B0066599E /* Fibonacci-project-base.xcconfig */,
			);
			name = xcconfig;
			sourceTree = "<group>";
		};
		E4A1A4741A77F6A00081AF77 = {
			isa = PBXGroup;
			children = (
				E4A1A47F1A77F6A00081AF77 /* Fibonacci */,
				E4A1A4991A77F6A10081AF77 /* FibonacciTests */,
				E40DB9A31A854E5E00004E0E /* Frameworks */,
				E4A1A47E1A77F6A00081AF77 /* Products */,
				E462861C1A8C133E0066599E /* xcconfig */,
			);
			sourceTree = "<group>";
		};
		E4A1A47E1A77F6A00081AF77 /* Products */ = {
			isa = PBXGroup;
			children = (
				E4A1A47D1A77F6A00081AF77 /* Fibonacci.app */,
				E4A1A4961A77F6A10081AF77 /* FibonacciTests.xctest */,
			);
			name = Products;
			sourceTree = "<group>";
		};
		E4A1A47F1A77F6A00081AF77 /* Fibonacci */ = {
			isa = PBXGroup;
			children = (
				E40DB9B21A855AE800004E0E /* Assets */,
				E40DB9A91A8553B500004E0E /* Categories */,
				E46286191A8C07330066599E /* Model */,
				E40DB9A51A85530200004E0E /* Other */,
				E4A1A4801A77F6A00081AF77 /* Supporting Files */,
				E40DB9A41A8552F900004E0E /* Views */,
				E4A1A48D1A77F6A10081AF77 /* Images.xcassets */,
			);
			path = Fibonacci;
			sourceTree = "<group>";
		};
		E4A1A4801A77F6A00081AF77 /* Supporting Files */ = {
			isa = PBXGroup;
			children = (
				E4A1A4811A77F6A00081AF77 /* Info.plist */,
				E4A1A4821A77F6A00081AF77 /* main.m */,
			);
			name = "Supporting Files";
			sourceTree = "<group>";
		};
		E4A1A4991A77F6A10081AF77 /* FibonacciTests */ = {
			isa = PBXGroup;
			children = (
				E4A1A49A1A77F6A10081AF77 /* Supporting Files */,
				E4A1A49C1A77F6A10081AF77 /* FibonacciTests.m */,
			);
			path = FibonacciTests;
			sourceTree = "<group>";
		};
		E4A1A49A1A77F6A10081AF77 /* Supporting Files */ = {
			isa = PBXGroup;
			children = (
				E4A1A49B1A77F6A10081AF77 /* Info.plist */,
			);
			name = "Supporting Files";
			sourceTree = "<group>";
		};
/* End PBXGroup section */

/* Begin PBXNativeTarget section */
		E4A1A47C1A77F6A00081AF77 /* Fibonacci */ = {
			isa = PBXNativeTarget;
			buildConfigurationList = E4A1A4A01A77F6A10081AF77 /* Build configuration list for PBXNativeTarget "Fibonacci" */;
			buildPhases = (
				E4A1A4791A77F6A00081AF77 /* Sources */,
				E4A1A47A1A77F6A00081AF77 /* Frameworks */,
				E4A1A47B1A77F6A00081AF77 /* Resources */,
			);
			buildRules = (
			);
			dependencies = (
			);
			name = Fibonacci;
			productName = Fibonacci;
			productReference = E4A1A47D1A77F6A00081AF77 /* Fibonacci.app */;
			productType = "com.apple.product-type.application";
		};
		E4A1A4951A77F6A10081AF77 /* FibonacciTests */ = {
			isa = PBXNativeTarget;
			buildConfigurationList = E4A1A4A31A77F6A10081AF77 /* Build configuration list for PBXNativeTarget "FibonacciTests" */;
			buildPhases = (
				E4A1A4921A77F6A10081AF77 /* Sources */,
				E4A1A4931A77F6A10081AF77 /* Frameworks */,
				E4A1A4941A77F6A10081AF77 /* Resources */,
			);
			buildRules = (
			);
			dependencies = (
				E4A1A4981A77F6A10081AF77 /* PBXTargetDependency */,
			);
			name = FibonacciTests;
			productName = FibonacciTests;
			productReference = E4A1A4961A77F6A10081AF77 /* FibonacciTests.xctest */;
			productType = "com.apple.product-type.bundle.unit-test";
		};
/* End PBXNativeTarget section */

/* Begin PBXProject section */
		E4A1A4751A77F6A00081AF77 /* Project object */ = {
			isa = PBXProject;
			attributes = {
				CLASSPREFIX = AA;
				LastUpgradeCheck = 0610;
				ORGANIZATIONNAME = "Akil Ash";
				TargetAttributes = {
					E4A1A47C1A77F6A00081AF77 = {
						CreatedOnToolsVersion = 6.1.1;
					};
					E4A1A4951A77F6A10081AF77 = {
						CreatedOnToolsVersion = 6.1.1;
						TestTargetID = E4A1A47C1A77F6A00081AF77;
					};
				};
			};
			buildConfigurationList = E4A1A4781A77F6A00081AF77 /* Build configuration list for PBXProject "Fibonacci" */;
			compatibilityVersion = "Xcode 3.2";
			developmentRegion = English;
			hasScannedForEncodings = 0;
			knownRegions = (
				en,
				Base,
			);
			mainGroup = E4A1A4741A77F6A00081AF77;
			productRefGroup = E4A1A47E1A77F6A00081AF77 /* Products */;
			projectDirPath = "";
			projectRoot = "";
			targets = (
				E4A1A47C1A77F6A00081AF77 /* Fibonacci */,
				E4A1A4951A77F6A10081AF77 /* FibonacciTests */,
			);
		};
/* End PBXProject section */

/* Begin PBXResourcesBuildPhase section */
		E4A1A47B1A77F6A00081AF77 /* Resources */ = {
			isa = PBXResourcesBuildPhase;
			buildActionMask = 2147483647;
			files = (
				E40DB9B81A85770D00004E0E /* AANumberTableViewCell.xib in Resources */,
				E40DB9B11A855AE100004E0E /* BebasNeue.otf in Resources */,
				E40DB9C21A86C90D00004E0E /* CooperHewitt-Book.otf in Resources */,
				E462861B1A8C123B0066599E /* Fibonacci-project-base.xcconfig in Resources */,
				E40DB9C01A86BFE700004E0E /* FreightSansCmpPro-Light.otf in Resources */,
				E4A1A48E1A77F6A10081AF77 /* Images.xcassets in Resources */,
				E4A1A48C1A77F6A00081AF77 /* Main.storyboard in Resources */,
			);
			runOnlyForDeploymentPostprocessing = 0;
		};
		E4A1A4941A77F6A10081AF77 /* Resources */ = {
			isa = PBXResourcesBuildPhase;
			buildActionMask = 2147483647;
			files = (
			);
			runOnlyForDeploymentPostprocessing = 0;
		};
/* End PBXResourcesBuildPhase section */

/* Begin PBXSourcesBuildPhase section */
		E4A1A4791A77F6A00081AF77 /* Sources */ = {
			isa = PBXSourcesBuildPhase;
			buildActionMask = 2147483647;
			files = (
				E4A1A4861A77F6A00081AF77 /* AAAppDelegate.m in Sources */,
				E40DB9AF1A8558BC00004E0E /* AAAppearanceSetup.m in Sources */,
				E4ADA82D1A8BFBFE005B0614 /* AABaseTableViewCell.m in Sources */,
				E40DB9BB1A857B5800004E0E /* AAFibonacciGenerator.m in Sources */,
				E40DB9BE1A86A44500004E0E /* AANumberItem.m in Sources */,
				E40DB9B71A85770D00004E0E /* AANumberTableViewCell.m in Sources */,
				E489D7391A780EC000DA0DE2 /* AATableViewController.m in Sources */,
				E4ADA82A1A8BDCAB005B0614 /* AAUtils.m in Sources */,
				E4A1A4831A77F6A00081AF77 /* main.m in Sources */,
				E40DB9AC1A8553CC00004E0E /* UIColor+Additions.m in Sources */,
				E40DB9A81A8553A200004E0E /* UIFont+Additions.m in Sources */,
			);
			runOnlyForDeploymentPostprocessing = 0;
		};
		E4A1A4921A77F6A10081AF77 /* Sources */ = {
			isa = PBXSourcesBuildPhase;
			buildActionMask = 2147483647;
			files = (
				E4A1A49D1A77F6A10081AF77 /* FibonacciTests.m in Sources */,
			);
			runOnlyForDeploymentPostprocessing = 0;
		};
/* End PBXSourcesBuildPhase section */

/* Begin PBXTargetDependency section */
		E4A1A4981A77F6A10081AF77 /* PBXTargetDependency */ = {
			isa = PBXTargetDependency;
			target = E4A1A47C1A77F6A00081AF77 /* Fibonacci */;
			targetProxy = E4A1A4971A77F6A10081AF77 /* PBXContainerItemProxy */;
		};
/* End PBXTargetDependency section */

/* Begin PBXVariantGroup section */
		E4A1A48A1A77F6A00081AF77 /* Main.storyboard */ = {
			isa = PBXVariantGroup;
			children = (
				E4A1A48B1A77F6A00081AF77 /* Base */,
			);
			name = Main.storyboard;
			sourceTree = "<group>";
		};
/* End PBXVariantGroup section */

/* Begin XCBuildConfiguration section */
		E4A1A49E1A77F6A10081AF77 /* Debug */ = {
			isa = XCBuildConfiguration;
			baseConfigurationReference = E462861A1A8C123B0066599E /* Fibonacci-project-base.xcconfig */;
			buildSettings = {
				ALWAYS_SEARCH_USER_PATHS = NO;
				CLANG_CXX_LANGUAGE_STANDARD = "gnu++0x";
				CLANG_CXX_LIBRARY = "libc++";
				CLANG_ENABLE_MODULES = YES;
				CLANG_ENABLE_OBJC_ARC = YES;
				CLANG_WARN_BOOL_CONVERSION = YES;
				CLANG_WARN_CONSTANT_CONVERSION = YES;
				CLANG_WARN_DIRECT_OBJC_ISA_USAGE = YES_ERROR;
				CLANG_WARN_EMPTY_BODY = YES;
				CLANG_WARN_ENUM_CONVERSION = YES;
				CLANG_WARN_INT_CONVERSION = YES;
				CLANG_WARN_OBJC_ROOT_CLASS = YES_ERROR;
				CLANG_WARN_UNREACHABLE_CODE = YES;
				CLANG_WARN__DUPLICATE_METHOD_MATCH = YES;
				"CODE_SIGN_IDENTITY[sdk=iphoneos*]" = "iPhone Developer";
				COPY_PHASE_STRIP = NO;
				ENABLE_STRICT_OBJC_MSGSEND = YES;
				GCC_C_LANGUAGE_STANDARD = gnu99;
				GCC_DYNAMIC_NO_PIC = NO;
				GCC_OPTIMIZATION_LEVEL = 0;
				GCC_PREPROCESSOR_DEFINITIONS = (
					"DEBUG=1",
					"$(inherited)",
				);
				GCC_SYMBOLS_PRIVATE_EXTERN = NO;
				GCC_WARN_64_TO_32_BIT_CONVERSION = YES;
				GCC_WARN_ABOUT_RETURN_TYPE = YES_ERROR;
				GCC_WARN_UNDECLARED_SELECTOR = YES;
				GCC_WARN_UNINITIALIZED_AUTOS = YES_AGGRESSIVE;
				GCC_WARN_UNUSED_FUNCTION = YES;
				GCC_WARN_UNUSED_VARIABLE = YES;
				IPHONEOS_DEPLOYMENT_TARGET = 7.0;
				MTL_ENABLE_DEBUG_INFO = YES;
				ONLY_ACTIVE_ARCH = YES;
				SDKROOT = iphoneos;
			};
			name = Debug;
		};
		E4A1A49F1A77F6A10081AF77 /* Release */ = {
			isa = XCBuildConfiguration;
			buildSettings = {
				ALWAYS_SEARCH_USER_PATHS = NO;
				CLANG_CXX_LANGUAGE_STANDARD = "gnu++0x";
				CLANG_CXX_LIBRARY = "libc++";
				CLANG_ENABLE_MODULES = YES;
				CLANG_ENABLE_OBJC_ARC = YES;
				CLANG_WARN_BOOL_CONVERSION = YES;
				CLANG_WARN_CONSTANT_CONVERSION = YES;
				CLANG_WARN_DIRECT_OBJC_ISA_USAGE = YES_ERROR;
				CLANG_WARN_EMPTY_BODY = YES;
				CLANG_WARN_ENUM_CONVERSION = YES;
				CLANG_WARN_INT_CONVERSION = YES;
				CLANG_WARN_OBJC_ROOT_CLASS = YES_ERROR;
				CLANG_WARN_UNREACHABLE_CODE = YES;
				CLANG_WARN__DUPLICATE_METHOD_MATCH = YES;
				"CODE_SIGN_IDENTITY[sdk=iphoneos*]" = "iPhone Developer";
				COPY_PHASE_STRIP = YES;
				ENABLE_NS_ASSERTIONS = NO;
				ENABLE_STRICT_OBJC_MSGSEND = YES;
				GCC_C_LANGUAGE_STANDARD = gnu99;
				GCC_WARN_64_TO_32_BIT_CONVERSION = YES;
				GCC_WARN_ABOUT_RETURN_TYPE = YES_ERROR;
				GCC_WARN_UNDECLARED_SELECTOR = YES;
				GCC_WARN_UNINITIALIZED_AUTOS = YES_AGGRESSIVE;
				GCC_WARN_UNUSED_FUNCTION = YES;
				GCC_WARN_UNUSED_VARIABLE = YES;
				IPHONEOS_DEPLOYMENT_TARGET = 7.0;
				MTL_ENABLE_DEBUG_INFO = NO;
				SDKROOT = iphoneos;
				VALIDATE_PRODUCT = YES;
			};
			name = Release;
		};
		E4A1A4A11A77F6A10081AF77 /* Debug */ = {
			isa = XCBuildConfiguration;
			baseConfigurationReference = E462861A1A8C123B0066599E /* Fibonacci-project-base.xcconfig */;
			buildSettings = {
				ASSETCATALOG_COMPILER_APPICON_NAME = AppIcon;
				ASSETCATALOG_COMPILER_LAUNCHIMAGE_NAME = LaunchImage;
				INFOPLIST_FILE = Fibonacci/Info.plist;
				LD_RUNPATH_SEARCH_PATHS = "$(inherited) @executable_path/Frameworks";
				LIBRARY_SEARCH_PATHS = (
					"$(inherited)",
					"$(PROJECT_DIR)/External",
				);
				PRODUCT_NAME = "$(TARGET_NAME)";
			};
			name = Debug;
		};
		E4A1A4A21A77F6A10081AF77 /* Release */ = {
			isa = XCBuildConfiguration;
			buildSettings = {
				ASSETCATALOG_COMPILER_APPICON_NAME = AppIcon;
				ASSETCATALOG_COMPILER_LAUNCHIMAGE_NAME = LaunchImage;
				INFOPLIST_FILE = Fibonacci/Info.plist;
				LD_RUNPATH_SEARCH_PATHS = "$(inherited) @executable_path/Frameworks";
				LIBRARY_SEARCH_PATHS = (
					"$(inherited)",
					"$(PROJECT_DIR)/External",
				);
				PRODUCT_NAME = "$(TARGET_NAME)";
			};
			name = Release;
		};
		E4A1A4A41A77F6A10081AF77 /* Debug */ = {
			isa = XCBuildConfiguration;
			baseConfigurationReference = E462861A1A8C123B0066599E /* Fibonacci-project-base.xcconfig */;
			buildSettings = {
				BUNDLE_LOADER = "$(TEST_HOST)";
				FRAMEWORK_SEARCH_PATHS = (
					"$(SDKROOT)/Developer/Library/Frameworks",
					"$(inherited)",
				);
				GCC_PREPROCESSOR_DEFINITIONS = (
					"DEBUG=1",
					"$(inherited)",
				);
				INFOPLIST_FILE = FibonacciTests/Info.plist;
				LD_RUNPATH_SEARCH_PATHS = "$(inherited) @executable_path/Frameworks @loader_path/Frameworks";
				PRODUCT_NAME = "$(TARGET_NAME)";
				TEST_HOST = "$(BUILT_PRODUCTS_DIR)/Fibonacci.app/Fibonacci";
			};
			name = Debug;
		};
		E4A1A4A51A77F6A10081AF77 /* Release */ = {
			isa = XCBuildConfiguration;
			buildSettings = {
				BUNDLE_LOADER = "$(TEST_HOST)";
				FRAMEWORK_SEARCH_PATHS = (
					"$(SDKROOT)/Developer/Library/Frameworks",
					"$(inherited)",
				);
				INFOPLIST_FILE = FibonacciTests/Info.plist;
				LD_RUNPATH_SEARCH_PATHS = "$(inherited) @executable_path/Frameworks @loader_path/Frameworks";
				PRODUCT_NAME = "$(TARGET_NAME)";
				TEST_HOST = "$(BUILT_PRODUCTS_DIR)/Fibonacci.app/Fibonacci";
			};
			name = Release;
		};
/* End XCBuildConfiguration section */

/* Begin XCConfigurationList section */
		E4A1A4781A77F6A00081AF77 /* Build configuration list for PBXProject "Fibonacci" */ = {
			isa = XCConfigurationList;
			buildConfigurations = (
				E4A1A49E1A77F6A10081AF77 /* Debug */,
				E4A1A49F1A77F6A10081AF77 /* Release */,
			);
			defaultConfigurationIsVisible = 0;
			defaultConfigurationName = Release;
		};
		E4A1A4A01A77F6A10081AF77 /* Build configuration list for PBXNativeTarget "Fibonacci" */ = {
			isa = XCConfigurationList;
			buildConfigurations = (
				E4A1A4A11A77F6A10081AF77 /* Debug */,
				E4A1A4A21A77F6A10081AF77 /* Release */,
			);
			defaultConfigurationIsVisible = 0;
			defaultConfigurationName = Release;
		};
		E4A1A4A31A77F6A10081AF77 /* Build configuration list for PBXNativeTarget "FibonacciTests" */ = {
			isa = XCConfigurationList;
			buildConfigurations = (
				E4A1A4A41A77F6A10081AF77 /* Debug */,
				E4A1A4A51A77F6A10081AF77 /* Release */,
			);
			defaultConfigurationIsVisible = 0;
			defaultConfigurationName = Release;
		};
/* End XCConfigurationList section */
	};
	rootObject = E4A1A4751A77F6A00081AF77 /* Project object */;
}
